
Microsoft Visual Studio Solution File, Format Version 12.00
# Visual Studio 2013
VisualStudioVersion = 12.0.21005.1
MinimumVisualStudioVersion = 10.0.40219.1
Project("{8BC9CEB8-8B4A-11D0-8D11-00A0C91BC942}") = "laudiio Package", "laudio Package\laudiio Package.vcxproj", "{A9A3D2CB-39BA-4646-BE5A-2F41DCF6EA67}"
EndProject
Project("{8BC9CEB8-8B4A-11D0-8D11-00A0C91BC942}") = "demokit", "demokit\demokit.vcxproj", "{7E9AC15D-BA0E-45C5-AE3E-8C4F6BC6EF7B}"
EndProject
Project("{8BC9CEB8-8B4A-11D0-8D11-00A0C91BC942}") = "laudio", "laudio\laudio.vcxproj", "{5E9BC0B9-86F5-4B21-8B36-7A20B202BBAE}"
EndProject
Global
	GlobalSection(SolutionConfigurationPlatforms) = preSolution
		Debug|Win32 = Debug|Win32
		Debug|x64 = Debug|x64
		Release|Win32 = Release|Win32
		Release|x64 = Release|x64
		Win7 Debug|Win32 = Win7 Debug|Win32
		Win7 Debug|x64 = Win7 Debug|x64
		Win7 Release|Win32 = Win7 Release|Win32
		Win7 Release|x64 = Win7 Release|x64
		Win8 Debug|Win32 = Win8 Debug|Win32
		Win8 Debug|x64 = Win8 Debug|x64
		Win8 Release|Win32 = Win8 Release|Win32
		Win8 Release|x64 = Win8 Release|x64
		Win8.1 Debug|Win32 = Win8.1 Debug|Win32
		Win8.1 Debug|x64 = Win8.1 Debug|x64
		Win8.1 Release|Win32 = Win8.1 Release|Win32
		Win8.1 Release|x64 = Win8.1 Release|x64
	EndGlobalSection
	GlobalSection(ProjectConfigurationPlatforms) = postSolution
		{A9A3D2CB-39BA-4646-BE5A-2F41DCF6EA67}.Debug|Win32.ActiveCfg = Win8.1 Debug|Win32
		{A9A3D2CB-39BA-4646-BE5A-2F41DCF6EA67}.Debug|Win32.Build.0 = Win8.1 Debug|Win32
		{A9A3D2CB-39BA-4646-BE5A-2F41DCF6EA67}.Debug|x64.ActiveCfg = Win8.1 Debug|x64
		{A9A3D2CB-39BA-4646-BE5A-2F41DCF6EA67}.Debug|x64.Build.0 = Win8.1 Debug|x64
		{A9A3D2CB-39BA-4646-BE5A-2F41DCF6EA67}.Release|Win32.ActiveCfg = Win8.1 Release|Win32
		{A9A3D2CB-39BA-4646-BE5A-2F41DCF6EA67}.Release|Win32.Build.0 = Win8.1 Release|Win32
		{A9A3D2CB-39BA-4646-BE5A-2F41DCF6EA67}.Release|x64.ActiveCfg = Win8.1 Release|x64
		{A9A3D2CB-39BA-4646-BE5A-2F41DCF6EA67}.Release|x64.Build.0 = Win8.1 Release|x64
		{A9A3D2CB-39BA-4646-BE5A-2F41DCF6EA67}.Win7 Debug|Win32.ActiveCfg = Win7 Debug|Win32
		{A9A3D2CB-39BA-4646-BE5A-2F41DCF6EA67}.Win7 Debug|Win32.Build.0 = Win7 Debug|Win32
		{A9A3D2CB-39BA-4646-BE5A-2F41DCF6EA67}.Win7 Debug|Win32.Deploy.0 = Win7 Debug|Win32
		{A9A3D2CB-39BA-4646-BE5A-2F41DCF6EA67}.Win7 Debug|x64.ActiveCfg = Win7 Debug|x64
		{A9A3D2CB-39BA-4646-BE5A-2F41DCF6EA67}.Win7 Debug|x64.Build.0 = Win7 Debug|x64
		{A9A3D2CB-39BA-4646-BE5A-2F41DCF6EA67}.Win7 Debug|x64.Deploy.0 = Win7 Debug|x64
		{A9A3D2CB-39BA-4646-BE5A-2F41DCF6EA67}.Win7 Release|Win32.ActiveCfg = Win7 Release|Win32
		{A9A3D2CB-39BA-4646-BE5A-2F41DCF6EA67}.Win7 Release|Win32.Build.0 = Win7 Release|Win32
		{A9A3D2CB-39BA-4646-BE5A-2F41DCF6EA67}.Win7 Release|Win32.Deploy.0 = Win7 Release|Win32
		{A9A3D2CB-39BA-4646-BE5A-2F41DCF6EA67}.Win7 Release|x64.ActiveCfg = Win7 Release|x64
		{A9A3D2CB-39BA-4646-BE5A-2F41DCF6EA67}.Win7 Release|x64.Build.0 = Win7 Release|x64
		{A9A3D2CB-39BA-4646-BE5A-2F41DCF6EA67}.Win7 Release|x64.Deploy.0 = Win7 Release|x64
		{A9A3D2CB-39BA-4646-BE5A-2F41DCF6EA67}.Win8 Debug|Win32.ActiveCfg = Win8 Debug|Win32
		{A9A3D2CB-39BA-4646-BE5A-2F41DCF6EA67}.Win8 Debug|Win32.Build.0 = Win8 Debug|Win32
		{A9A3D2CB-39BA-4646-BE5A-2F41DCF6EA67}.Win8 Debug|Win32.Deploy.0 = Win8 Debug|Win32
		{A9A3D2CB-39BA-4646-BE5A-2F41DCF6EA67}.Win8 Debug|x64.ActiveCfg = Win8 Debug|x64
		{A9A3D2CB-39BA-4646-BE5A-2F41DCF6EA67}.Win8 Debug|x64.Build.0 = Win8 Debug|x64
		{A9A3D2CB-39BA-4646-BE5A-2F41DCF6EA67}.Win8 Debug|x64.Deploy.0 = Win8 Debug|x64
		{A9A3D2CB-39BA-4646-BE5A-2F41DCF6EA67}.Win8 Release|Win32.ActiveCfg = Win8 Release|Win32
		{A9A3D2CB-39BA-4646-BE5A-2F41DCF6EA67}.Win8 Release|Win32.Build.0 = Win8 Release|Win32
		{A9A3D2CB-39BA-4646-BE5A-2F41DCF6EA67}.Win8 Release|Win32.Deploy.0 = Win8 Release|Win32
		{A9A3D2CB-39BA-4646-BE5A-2F41DCF6EA67}.Win8 Release|x64.ActiveCfg = Win8 Release|x64
		{A9A3D2CB-39BA-4646-BE5A-2F41DCF6EA67}.Win8 Release|x64.Build.0 = Win8 Release|x64
		{A9A3D2CB-39BA-4646-BE5A-2F41DCF6EA67}.Win8 Release|x64.Deploy.0 = Win8 Release|x64
		{A9A3D2CB-39BA-4646-BE5A-2F41DCF6EA67}.Win8.1 Debug|Win32.ActiveCfg = Win8.1 Debug|Win32
		{A9A3D2CB-39BA-4646-BE5A-2F41DCF6EA67}.Win8.1 Debug|Win32.Build.0 = Win8.1 Debug|Win32
		{A9A3D2CB-39BA-4646-BE5A-2F41DCF6EA67}.Win8.1 Debug|Win32.Deploy.0 = Win8.1 Debug|Win32
		{A9A3D2CB-39BA-4646-BE5A-2F41DCF6EA67}.Win8.1 Debug|x64.ActiveCfg = Win8.1 Debug|x64
		{A9A3D2CB-39BA-4646-BE5A-2F41DCF6EA67}.Win8.1 Debug|x64.Build.0 = Win8.1 Debug|x64
		{A9A3D2CB-39BA-4646-BE5A-2F41DCF6EA67}.Win8.1 Debug|x64.Deploy.0 = Win8.1 Debug|x64
		{A9A3D2CB-39BA-4646-BE5A-2F41DCF6EA67}.Win8.1 Release|Win32.ActiveCfg = Win8.1 Release|Win32
		{A9A3D2CB-39BA-4646-BE5A-2F41DCF6EA67}.Win8.1 Release|Win32.Build.0 = Win8.1 Release|Win32
		{A9A3D2CB-39BA-4646-BE5A-2F41DCF6EA67}.Win8.1 Release|Win32.Deploy.0 = Win8.1 Release|Win32
		{A9A3D2CB-39BA-4646-BE5A-2F41DCF6EA67}.Win8.1 Release|x64.ActiveCfg = Win8.1 Release|x64
		{A9A3D2CB-39BA-4646-BE5A-2F41DCF6EA67}.Win8.1 Release|x64.Build.0 = Win8.1 Release|x64
		{A9A3D2CB-39BA-4646-BE5A-2F41DCF6EA67}.Win8.1 Release|x64.Deploy.0 = Win8.1 Release|x64
		{7E9AC15D-BA0E-45C5-AE3E-8C4F6BC6EF7B}.Debug|Win32.ActiveCfg = Debug|Win32
		{7E9AC15D-BA0E-45C5-AE3E-8C4F6BC6EF7B}.Debug|Win32.Build.0 = Debug|Win32
		{7E9AC15D-BA0E-45C5-AE3E-8C4F6BC6EF7B}.Debug|x64.ActiveCfg = Debug|Win32
		{7E9AC15D-BA0E-45C5-AE3E-8C4F6BC6EF7B}.Release|Win32.ActiveCfg = Release|Win32
		{7E9AC15D-BA0E-45C5-AE3E-8C4F6BC6EF7B}.Release|Win32.Build.0 = Release|Win32
		{7E9AC15D-BA0E-45C5-AE3E-8C4F6BC6EF7B}.Release|x64.ActiveCfg = Release|Win32
		{7E9AC15D-BA0E-45C5-AE3E-8C4F6BC6EF7B}.Win7 Debug|Win32.ActiveCfg = Debug|Win32
		{7E9AC15D-BA0E-45C5-AE3E-8C4F6BC6EF7B}.Win7 Debug|Win32.Build.0 = Debug|Win32
		{7E9AC15D-BA0E-45C5-AE3E-8C4F6BC6EF7B}.Win7 Debug|x64.ActiveCfg = Debug|Win32
		{7E9AC15D-BA0E-45C5-AE3E-8C4F6BC6EF7B}.Win7 Release|Win32.ActiveCfg = Release|Win32
		{7E9AC15D-BA0E-45C5-AE3E-8C4F6BC6EF7B}.Win7 Release|Win32.Build.0 = Release|Win32
		{7E9AC15D-BA0E-45C5-AE3E-8C4F6BC6EF7B}.Win7 Release|x64.ActiveCfg = Release|Win32
		{7E9AC15D-BA0E-45C5-AE3E-8C4F6BC6EF7B}.Win8 Debug|Win32.ActiveCfg = Debug|Win32
		{7E9AC15D-BA0E-45C5-AE3E-8C4F6BC6EF7B}.Win8 Debug|Win32.Build.0 = Debug|Win32
		{7E9AC15D-BA0E-45C5-AE3E-8C4F6BC6EF7B}.Win8 Debug|x64.ActiveCfg = Debug|Win32
		{7E9AC15D-BA0E-45C5-AE3E-8C4F6BC6EF7B}.Win8 Release|Win32.ActiveCfg = Release|Win32
		{7E9AC15D-BA0E-45C5-AE3E-8C4F6BC6EF7B}.Win8 Release|Win32.Build.0 = Release|Win32
		{7E9AC15D-BA0E-45C5-AE3E-8C4F6BC6EF7B}.Win8 Release|x64.ActiveCfg = Release|Win32
		{7E9AC15D-BA0E-45C5-AE3E-8C4F6BC6EF7B}.Win8.1 Debug|Win32.ActiveCfg = Debug|Win32
		{7E9AC15D-BA0E-45C5-AE3E-8C4F6BC6EF7B}.Win8.1 Debug|Win32.Build.0 = Debug|Win32
		{7E9AC15D-BA0E-45C5-AE3E-8C4F6BC6EF7B}.Win8.1 Debug|x64.ActiveCfg = Debug|Win32
		{7E9AC15D-BA0E-45C5-AE3E-8C4F6BC6EF7B}.Win8.1 Release|Win32.ActiveCfg = Release|Win32
		{7E9AC15D-BA0E-45C5-AE3E-8C4F6BC6EF7B}.Win8.1 Release|Win32.Build.0 = Release|Win32
		{7E9AC15D-BA0E-45C5-AE3E-8C4F6BC6EF7B}.Win8.1 Release|x64.ActiveCfg = Release|Win32
		{5E9BC0B9-86F5-4B21-8B36-7A20B202BBAE}.Debug|Win32.ActiveCfg = Win8.1 Debug|Win32
		{5E9BC0B9-86F5-4B21-8B36-7A20B202BBAE}.Debug|Win32.Build.0 = Win8.1 Debug|Win32
		{5E9BC0B9-86F5-4B21-8B36-7A20B202BBAE}.Debug|x64.ActiveCfg = Win8.1 Debug|x64
		{5E9BC0B9-86F5-4B21-8B36-7A20B202BBAE}.Debug|x64.Build.0 = Win8.1 Debug|x64
		{5E9BC0B9-86F5-4B21-8B36-7A20B202BBAE}.Release|Win32.ActiveCfg = Win8.1 Release|Win32
		{5E9BC0B9-86F5-4B21-8B36-7A20B202BBAE}.Release|Win32.Build.0 = Win8.1 Release|Win32
		{5E9BC0B9-86F5-4B21-8B36-7A20B202BBAE}.Release|x64.ActiveCfg = Win8.1 Release|x64
		{5E9BC0B9-86F5-4B21-8B36-7A20B202BBAE}.Release|x64.Build.0 = Win8.1 Release|x64
		{5E9BC0B9-86F5-4B21-8B36-7A20B202BBAE}.Win7 Debug|Win32.ActiveCfg = Win7 Debug|Win32
		{5E9BC0B9-86F5-4B21-8B36-7A20B202BBAE}.Win7 Debug|Win32.Build.0 = Win7 Debug|Win32
		{5E9BC0B9-86F5-4B21-8B36-7A20B202BBAE}.Win7 Debug|x64.ActiveCfg = Win7 Debug|x64
		{5E9BC0B9-86F5-4B21-8B36-7A20B202BBAE}.Win7 Debug|x64.Build.0 = Win7 Debug|x64
		{5E9BC0B9-86F5-4B21-8B36-7A20B202BBAE}.Win7 Release|Win32.ActiveCfg = Win7 Release|Win32
		{5E9BC0B9-86F5-4B21-8B36-7A20B202BBAE}.Win7 Release|Win32.Build.0 = Win7 Release|Win32
		{5E9BC0B9-86F5-4B21-8B36-7A20B202BBAE}.Win7 Release|x64.ActiveCfg = Win7 Release|x64
		{5E9BC0B9-86F5-4B21-8B36-7A20B202BBAE}.Win7 Release|x64.Build.0 = Win7 Release|x64
		{5E9BC0B9-86F5-4B21-8B36-7A20B202BBAE}.Win8 Debug|Win32.ActiveCfg = Win8 Debug|Win32
		{5E9BC0B9-86F5-4B21-8B36-7A20B202BBAE}.Win8 Debug|Win32.Build.0 = Win8 Debug|Win32
		{5E9BC0B9-86F5-4B21-8B36-7A20B202BBAE}.Win8 Debug|x64.ActiveCfg = Win8 Debug|x64
		{5E9BC0B9-86F5-4B21-8B36-7A20B202BBAE}.Win8 Debug|x64.Build.0 = Win8 Debug|x64
		{5E9BC0B9-86F5-4B21-8B36-7A20B202BBAE}.Win8 Release|Win32.ActiveCfg = Win8 Release|Win32
		{5E9BC0B9-86F5-4B21-8B36-7A20B202BBAE}.Win8 Release|Win32.Build.0 = Win8 Release|Win32
		{5E9BC0B9-86F5-4B21-8B36-7A20B202BBAE}.Win8 Release|x64.ActiveCfg = Win8 Release|x64
		{5E9BC0B9-86F5-4B21-8B36-7A20B202BBAE}.Win8 Release|x64.Build.0 = Win8 Release|x64
		{5E9BC0B9-86F5-4B21-8B36-7A20B202BBAE}.Win8.1 Debug|Win32.ActiveCfg = Win8.1 Debug|Win32
		{5E9BC0B9-86F5-4B21-8B36-7A20B202BBAE}.Win8.1 Debug|Win32.Build.0 = Win8.1 Debug|Win32
		{5E9BC0B9-86F5-4B21-8B36-7A20B202BBAE}.Win8.1 Debug|x64.ActiveCfg = Win8.1 Debug|x64
		{5E9BC0B9-86F5-4B21-8B36-7A20B202BBAE}.Win8.1 Debug|x64.Build.0 = Win8.1 Debug|x64
		{5E9BC0B9-86F5-4B21-8B36-7A20B202BBAE}.Win8.1 Release|Win32.ActiveCfg = Win8.1 Release|Win32
		{5E9BC0B9-86F5-4B21-8B36-7A20B202BBAE}.Win8.1 Release|Win32.Build.0 = Win8.1 Release|Win32
		{5E9BC0B9-86F5-4B21-8B36-7A20B202BBAE}.Win8.1 Release|x64.ActiveCfg = Win8.1 Release|x64
		{5E9BC0B9-86F5-4B21-8B36-7A20B202BBAE}.Win8.1 Release|x64.Build.0 = Win8.1 Release|x64
	EndGlobalSection
	GlobalSection(SolutionProperties) = preSolution
		HideSolutionNode = FALSE
	EndGlobalSection
EndGlobal
